// !$*UTF8*$!
{
	archiveVersion = 1;
	classes = {
	};
	objectVersion = 46;
	objects = {

/* Begin PBXBuildFile section */
		0F04A3B81B0D05FA00FDD33F /* AppDelegate.swift in Sources */ = {isa = PBXBuildFile; fileRef = 0F04A3B71B0D05FA00FDD33F /* AppDelegate.swift */; };
		0F04A3BA1B0D05FA00FDD33F /* ViewController.swift in Sources */ = {isa = PBXBuildFile; fileRef = 0F04A3B91B0D05FA00FDD33F /* ViewController.swift */; };
		0F04A3BD1B0D05FA00FDD33F /* Main.storyboard in Resources */ = {isa = PBXBuildFile; fileRef = 0F04A3BB1B0D05FA00FDD33F /* Main.storyboard */; };
		0F04A3BF1B0D05FA00FDD33F /* Images.xcassets in Resources */ = {isa = PBXBuildFile; fileRef = 0F04A3BE1B0D05FA00FDD33F /* Images.xcassets */; };
		0F04A3C21B0D05FA00FDD33F /* LaunchScreen.xib in Resources */ = {isa = PBXBuildFile; fileRef = 0F04A3C01B0D05FA00FDD33F /* LaunchScreen.xib */; };
		0F04A3CE1B0D05FA00FDD33F /* vyseTests.swift in Sources */ = {isa = PBXBuildFile; fileRef = 0F04A3CD1B0D05FA00FDD33F /* vyseTests.swift */; };
		0F04A3DA1B0D07BF00FDD33F /* NavigationController.swift in Sources */ = {isa = PBXBuildFile; fileRef = 0F04A3D91B0D07BF00FDD33F /* NavigationController.swift */; };
		0F04A3E01B0D334800FDD33F /* Lamb.jpg in Resources */ = {isa = PBXBuildFile; fileRef = 0F04A3DF1B0D334800FDD33F /* Lamb.jpg */; };
		0F04A3E31B0D47D900FDD33F /* Vyse.png in Resources */ = {isa = PBXBuildFile; fileRef = 0F04A3E21B0D47D900FDD33F /* Vyse.png */; };
		0F63EFD41B156ADD009605A6 /* Male50.png in Resources */ = {isa = PBXBuildFile; fileRef = 0F63EFD31B156ADD009605A6 /* Male50.png */; };
		0FC7681C1B17B62E00A3AD7E /* VyseSquareButton.png in Resources */ = {isa = PBXBuildFile; fileRef = 0FC7681B1B17B62E00A3AD7E /* VyseSquareButton.png */; };
		0FC7681F1B17B78200A3AD7E /* like_filled-25.png in Resources */ = {isa = PBXBuildFile; fileRef = 0FC7681D1B17B78200A3AD7E /* like_filled-25.png */; };
		0FC768201B17B78200A3AD7E /* save_as_filled-25.png in Resources */ = {isa = PBXBuildFile; fileRef = 0FC7681E1B17B78200A3AD7E /* save_as_filled-25.png */; };
		0FD7F7E31B1E5ADD00808B05 /* Authorization.swift in Sources */ = {isa = PBXBuildFile; fileRef = 0FD7F7C11B1E5ADD00808B05 /* Authorization.swift */; };
		0FD7F7E41B1E5ADD00808B05 /* AuthorizationViewController.swift in Sources */ = {isa = PBXBuildFile; fileRef = 0FD7F7C21B1E5ADD00808B05 /* AuthorizationViewController.swift */; };
		0FD7F7E51B1E5ADD00808B05 /* AuthorizationViewController.xib in Resources */ = {isa = PBXBuildFile; fileRef = 0FD7F7C31B1E5ADD00808B05 /* AuthorizationViewController.xib */; };
		0FD7F7E61B1E5ADD00808B05 /* NativeTouchAuthorizer.swift in Sources */ = {isa = PBXBuildFile; fileRef = 0FD7F7C41B1E5ADD00808B05 /* NativeTouchAuthorizer.swift */; };
		0FD7F7E71B1E5ADD00808B05 /* TouchAuthorizer.swift in Sources */ = {isa = PBXBuildFile; fileRef = 0FD7F7C51B1E5ADD00808B05 /* TouchAuthorizer.swift */; };
		0FD7F7E81B1E5ADD00808B05 /* Authorizer.swift in Sources */ = {isa = PBXBuildFile; fileRef = 0FD7F7C71B1E5ADD00808B05 /* Authorizer.swift */; };
		0FD7F7E91B1E5ADD00808B05 /* Configuration.swift in Sources */ = {isa = PBXBuildFile; fileRef = 0FD7F7C81B1E5ADD00808B05 /* Configuration.swift */; };
		0FD7F7EA1B1E5ADD00808B05 /* DataCache.swift in Sources */ = {isa = PBXBuildFile; fileRef = 0FD7F7C91B1E5ADD00808B05 /* DataCache.swift */; };
		0FD7F7EB1B1E5ADD00808B05 /* Checkins.swift in Sources */ = {isa = PBXBuildFile; fileRef = 0FD7F7CB1B1E5ADD00808B05 /* Checkins.swift */; };
		0FD7F7EC1B1E5ADD00808B05 /* Endpoint.swift in Sources */ = {isa = PBXBuildFile; fileRef = 0FD7F7CC1B1E5ADD00808B05 /* Endpoint.swift */; };
		0FD7F7ED1B1E5ADD00808B05 /* Events.swift in Sources */ = {isa = PBXBuildFile; fileRef = 0FD7F7CD1B1E5ADD00808B05 /* Events.swift */; };
		0FD7F7EE1B1E5ADD00808B05 /* Lists.swift in Sources */ = {isa = PBXBuildFile; fileRef = 0FD7F7CE1B1E5ADD00808B05 /* Lists.swift */; };
		0FD7F7EF1B1E5ADD00808B05 /* Multi.swift in Sources */ = {isa = PBXBuildFile; fileRef = 0FD7F7CF1B1E5ADD00808B05 /* Multi.swift */; };
		0FD7F7F01B1E5ADD00808B05 /* Pages.swift in Sources */ = {isa = PBXBuildFile; fileRef = 0FD7F7D01B1E5ADD00808B05 /* Pages.swift */; };
		0FD7F7F11B1E5ADD00808B05 /* PageUpdates.swift in Sources */ = {isa = PBXBuildFile; fileRef = 0FD7F7D11B1E5ADD00808B05 /* PageUpdates.swift */; };
		0FD7F7F21B1E5ADD00808B05 /* Photos.swift in Sources */ = {isa = PBXBuildFile; fileRef = 0FD7F7D21B1E5ADD00808B05 /* Photos.swift */; };
		0FD7F7F31B1E5ADD00808B05 /* Settings.swift in Sources */ = {isa = PBXBuildFile; fileRef = 0FD7F7D31B1E5ADD00808B05 /* Settings.swift */; };
		0FD7F7F41B1E5ADD00808B05 /* Specials.swift in Sources */ = {isa = PBXBuildFile; fileRef = 0FD7F7D41B1E5ADD00808B05 /* Specials.swift */; };
		0FD7F7F51B1E5ADD00808B05 /* Tips.swift in Sources */ = {isa = PBXBuildFile; fileRef = 0FD7F7D51B1E5ADD00808B05 /* Tips.swift */; };
		0FD7F7F61B1E5ADD00808B05 /* Updates.swift in Sources */ = {isa = PBXBuildFile; fileRef = 0FD7F7D61B1E5ADD00808B05 /* Updates.swift */; };
		0FD7F7F71B1E5ADD00808B05 /* Users.swift in Sources */ = {isa = PBXBuildFile; fileRef = 0FD7F7D71B1E5ADD00808B05 /* Users.swift */; };
		0FD7F7F81B1E5ADD00808B05 /* VenueGroups.swift in Sources */ = {isa = PBXBuildFile; fileRef = 0FD7F7D81B1E5ADD00808B05 /* VenueGroups.swift */; };
		0FD7F7F91B1E5ADD00808B05 /* Venues.swift in Sources */ = {isa = PBXBuildFile; fileRef = 0FD7F7D91B1E5ADD00808B05 /* Venues.swift */; };
		0FD7F7FA1B1E5ADD00808B05 /* Keychain.swift in Sources */ = {isa = PBXBuildFile; fileRef = 0FD7F7DA1B1E5ADD00808B05 /* Keychain.swift */; };
		0FD7F7FB1B1E5ADD00808B05 /* Logger.swift in Sources */ = {isa = PBXBuildFile; fileRef = 0FD7F7DB1B1E5ADD00808B05 /* Logger.swift */; };
		0FD7F7FC1B1E5ADD00808B05 /* NetworkActivityIndicatorController.swift in Sources */ = {isa = PBXBuildFile; fileRef = 0FD7F7DC1B1E5ADD00808B05 /* NetworkActivityIndicatorController.swift */; };
		0FD7F7FD1B1E5ADD00808B05 /* OauthErrors.swift in Sources */ = {isa = PBXBuildFile; fileRef = 0FD7F7DD1B1E5ADD00808B05 /* OauthErrors.swift */; };
		0FD7F7FE1B1E5ADD00808B05 /* Parameters.swift in Sources */ = {isa = PBXBuildFile; fileRef = 0FD7F7DE1B1E5ADD00808B05 /* Parameters.swift */; };
		0FD7F7FF1B1E5ADD00808B05 /* Request.swift in Sources */ = {isa = PBXBuildFile; fileRef = 0FD7F7DF1B1E5ADD00808B05 /* Request.swift */; };
		0FD7F8001B1E5ADD00808B05 /* Result.swift in Sources */ = {isa = PBXBuildFile; fileRef = 0FD7F7E01B1E5ADD00808B05 /* Result.swift */; };
		0FD7F8011B1E5ADD00808B05 /* Session.swift in Sources */ = {isa = PBXBuildFile; fileRef = 0FD7F7E11B1E5ADD00808B05 /* Session.swift */; };
		0FD7F8021B1E5ADD00808B05 /* Task.swift in Sources */ = {isa = PBXBuildFile; fileRef = 0FD7F7E21B1E5ADD00808B05 /* Task.swift */; };
		0FD7F8041B1E5D0100808B05 /* CoreLocation.framework in Frameworks */ = {isa = PBXBuildFile; fileRef = 0FD7F8031B1E5D0100808B05 /* CoreLocation.framework */; };
		0FD7F8061B1E5F0900808B05 /* MapKit.framework in Frameworks */ = {isa = PBXBuildFile; fileRef = 0FD7F8051B1E5F0900808B05 /* MapKit.framework */; };
		0FF6D6501B16207C0096E0B2 /* VyseViewController.swift in Sources */ = {isa = PBXBuildFile; fileRef = 0FF6D64F1B16207C0096E0B2 /* VyseViewController.swift */; };
		0FF6D6521B16215C0096E0B2 /* LoginViewController.swift in Sources */ = {isa = PBXBuildFile; fileRef = 0FF6D6511B16215C0096E0B2 /* LoginViewController.swift */; };
		0FF6D6541B1662760096E0B2 /* MainBackground.png in Resources */ = {isa = PBXBuildFile; fileRef = 0FF6D6531B1662760096E0B2 /* MainBackground.png */; };
		0FF6D6561B1663B80096E0B2 /* location_filled-100.png in Resources */ = {isa = PBXBuildFile; fileRef = 0FF6D6551B1663B80096E0B2 /* location_filled-100.png */; };
		0FF6D6581B166A580096E0B2 /* VyseButton.png in Resources */ = {isa = PBXBuildFile; fileRef = 0FF6D6571B166A580096E0B2 /* VyseButton.png */; };
		0FF6D65A1B167D330096E0B2 /* VyseSubBackground.png in Resources */ = {isa = PBXBuildFile; fileRef = 0FF6D6591B167D330096E0B2 /* VyseSubBackground.png */; };
		0FF6D65C1B16CF750096E0B2 /* Instagram-Food.jpg in Resources */ = {isa = PBXBuildFile; fileRef = 0FF6D65B1B16CF750096E0B2 /* Instagram-Food.jpg */; };
		0FF6D6641B16D2670096E0B2 /* thumb_up-50.png in Resources */ = {isa = PBXBuildFile; fileRef = 0FF6D65E1B16D2670096E0B2 /* thumb_up-50.png */; };
		0FF6D6651B16D2670096E0B2 /* thumb_up_filled-50.png in Resources */ = {isa = PBXBuildFile; fileRef = 0FF6D65F1B16D2670096E0B2 /* thumb_up_filled-50.png */; };
		0FF6D6661B16D2670096E0B2 /* save_as-50.png in Resources */ = {isa = PBXBuildFile; fileRef = 0FF6D6601B16D2670096E0B2 /* save_as-50.png */; };
		0FF6D6671B16D2670096E0B2 /* like_filled-50.png in Resources */ = {isa = PBXBuildFile; fileRef = 0FF6D6611B16D2670096E0B2 /* like_filled-50.png */; };
		0FF6D6681B16D2670096E0B2 /* save_as_filled-50.png in Resources */ = {isa = PBXBuildFile; fileRef = 0FF6D6621B16D2670096E0B2 /* save_as_filled-50.png */; };
		0FF6D6691B16D2670096E0B2 /* like-50.png in Resources */ = {isa = PBXBuildFile; fileRef = 0FF6D6631B16D2670096E0B2 /* like-50.png */; };
		0FF6D9911B1802CD00080C4D /* FoodCell.swift in Sources */ = {isa = PBXBuildFile; fileRef = 0FF6D9901B1802CD00080C4D /* FoodCell.swift */; };
		0FF6D9931B18098800080C4D /* gourmet-food-photography-collage.jpg in Resources */ = {isa = PBXBuildFile; fileRef = 0FF6D9921B18098800080C4D /* gourmet-food-photography-collage.jpg */; };
		0FF9411A1B220A500049EBCE /* FoursquareProcesses.swift in Sources */ = {isa = PBXBuildFile; fileRef = 0FF941191B220A500049EBCE /* FoursquareProcesses.swift */; };
		0FFB0E591B15055400DAC93A /* ListViewController.swift in Sources */ = {isa = PBXBuildFile; fileRef = 0FFB0E581B15055400DAC93A /* ListViewController.swift */; };
		23BAE2804A8EAC560D80E216 /* libPods.a in Frameworks */ = {isa = PBXBuildFile; fileRef = 71467DA081B9D475073FBD3A /* libPods.a */; };
/* End PBXBuildFile section */

/* Begin PBXContainerItemProxy section */
		0F04A3C81B0D05FA00FDD33F /* PBXContainerItemProxy */ = {
			isa = PBXContainerItemProxy;
			containerPortal = 0F04A3AA1B0D05FA00FDD33F /* Project object */;
			proxyType = 1;
			remoteGlobalIDString = 0F04A3B11B0D05FA00FDD33F;
			remoteInfo = vyse;
		};
/* End PBXContainerItemProxy section */

/* Begin PBXCopyFilesBuildPhase section */
		0F0EDE821B1FA5B700CD2556 /* Embed Framework */ = {
			isa = PBXCopyFilesBuildPhase;
			buildActionMask = 2147483647;
			dstPath = "";
			dstSubfolderSpec = 7;
			files = (
			);
			name = "Embed Framework";
			runOnlyForDeploymentPostprocessing = 0;
		};
/* End PBXCopyFilesBuildPhase section */

/* Begin PBXFileReference section */
		0F04A3B21B0D05FA00FDD33F /* vyse.app */ = {isa = PBXFileReference; explicitFileType = wrapper.application; includeInIndex = 0; path = vyse.app; sourceTree = BUILT_PRODUCTS_DIR; };
		0F04A3B61B0D05FA00FDD33F /* Info.plist */ = {isa = PBXFileReference; lastKnownFileType = text.plist.xml; path = Info.plist; sourceTree = "<group>"; };
		0F04A3B71B0D05FA00FDD33F /* AppDelegate.swift */ = {isa = PBXFileReference; lastKnownFileType = sourcecode.swift; path = AppDelegate.swift; sourceTree = "<group>"; };
		0F04A3B91B0D05FA00FDD33F /* ViewController.swift */ = {isa = PBXFileReference; lastKnownFileType = sourcecode.swift; path = ViewController.swift; sourceTree = "<group>"; };
		0F04A3BC1B0D05FA00FDD33F /* Base */ = {isa = PBXFileReference; lastKnownFileType = file.storyboard; name = Base; path = Base.lproj/Main.storyboard; sourceTree = "<group>"; };
		0F04A3BE1B0D05FA00FDD33F /* Images.xcassets */ = {isa = PBXFileReference; lastKnownFileType = folder.assetcatalog; path = Images.xcassets; sourceTree = "<group>"; };
		0F04A3C11B0D05FA00FDD33F /* Base */ = {isa = PBXFileReference; lastKnownFileType = file.xib; name = Base; path = Base.lproj/LaunchScreen.xib; sourceTree = "<group>"; };
		0F04A3C71B0D05FA00FDD33F /* vyseTests.xctest */ = {isa = PBXFileReference; explicitFileType = wrapper.cfbundle; includeInIndex = 0; path = vyseTests.xctest; sourceTree = BUILT_PRODUCTS_DIR; };
		0F04A3CC1B0D05FA00FDD33F /* Info.plist */ = {isa = PBXFileReference; lastKnownFileType = text.plist.xml; path = Info.plist; sourceTree = "<group>"; };
		0F04A3CD1B0D05FA00FDD33F /* vyseTests.swift */ = {isa = PBXFileReference; lastKnownFileType = sourcecode.swift; path = vyseTests.swift; sourceTree = "<group>"; };
		0F04A3D91B0D07BF00FDD33F /* NavigationController.swift */ = {isa = PBXFileReference; fileEncoding = 4; lastKnownFileType = sourcecode.swift; path = NavigationController.swift; sourceTree = "<group>"; };
		0F04A3DF1B0D334800FDD33F /* Lamb.jpg */ = {isa = PBXFileReference; lastKnownFileType = image.jpeg; path = Lamb.jpg; sourceTree = "<group>"; };
		0F04A3E21B0D47D900FDD33F /* Vyse.png */ = {isa = PBXFileReference; lastKnownFileType = image.png; path = Vyse.png; sourceTree = "<group>"; };
		0F63EFD31B156ADD009605A6 /* Male50.png */ = {isa = PBXFileReference; lastKnownFileType = image.png; path = Male50.png; sourceTree = "<group>"; };
		0FC7681B1B17B62E00A3AD7E /* VyseSquareButton.png */ = {isa = PBXFileReference; lastKnownFileType = image.png; path = VyseSquareButton.png; sourceTree = "<group>"; };
		0FC7681D1B17B78200A3AD7E /* like_filled-25.png */ = {isa = PBXFileReference; lastKnownFileType = image.png; path = "like_filled-25.png"; sourceTree = "<group>"; };
		0FC7681E1B17B78200A3AD7E /* save_as_filled-25.png */ = {isa = PBXFileReference; lastKnownFileType = image.png; path = "save_as_filled-25.png"; sourceTree = "<group>"; };
		0FD7F7C11B1E5ADD00808B05 /* Authorization.swift */ = {isa = PBXFileReference; fileEncoding = 4; lastKnownFileType = sourcecode.swift; path = Authorization.swift; sourceTree = "<group>"; };
		0FD7F7C21B1E5ADD00808B05 /* AuthorizationViewController.swift */ = {isa = PBXFileReference; fileEncoding = 4; lastKnownFileType = sourcecode.swift; path = AuthorizationViewController.swift; sourceTree = "<group>"; };
		0FD7F7C31B1E5ADD00808B05 /* AuthorizationViewController.xib */ = {isa = PBXFileReference; fileEncoding = 4; lastKnownFileType = file.xib; path = AuthorizationViewController.xib; sourceTree = "<group>"; };
		0FD7F7C41B1E5ADD00808B05 /* NativeTouchAuthorizer.swift */ = {isa = PBXFileReference; fileEncoding = 4; lastKnownFileType = sourcecode.swift; path = NativeTouchAuthorizer.swift; sourceTree = "<group>"; };
		0FD7F7C51B1E5ADD00808B05 /* TouchAuthorizer.swift */ = {isa = PBXFileReference; fileEncoding = 4; lastKnownFileType = sourcecode.swift; path = TouchAuthorizer.swift; sourceTree = "<group>"; };
		0FD7F7C71B1E5ADD00808B05 /* Authorizer.swift */ = {isa = PBXFileReference; fileEncoding = 4; lastKnownFileType = sourcecode.swift; path = Authorizer.swift; sourceTree = "<group>"; };
		0FD7F7C81B1E5ADD00808B05 /* Configuration.swift */ = {isa = PBXFileReference; fileEncoding = 4; lastKnownFileType = sourcecode.swift; path = Configuration.swift; sourceTree = "<group>"; };
		0FD7F7C91B1E5ADD00808B05 /* DataCache.swift */ = {isa = PBXFileReference; fileEncoding = 4; lastKnownFileType = sourcecode.swift; path = DataCache.swift; sourceTree = "<group>"; };
		0FD7F7CB1B1E5ADD00808B05 /* Checkins.swift */ = {isa = PBXFileReference; fileEncoding = 4; lastKnownFileType = sourcecode.swift; path = Checkins.swift; sourceTree = "<group>"; };
		0FD7F7CC1B1E5ADD00808B05 /* Endpoint.swift */ = {isa = PBXFileReference; fileEncoding = 4; lastKnownFileType = sourcecode.swift; path = Endpoint.swift; sourceTree = "<group>"; };
		0FD7F7CD1B1E5ADD00808B05 /* Events.swift */ = {isa = PBXFileReference; fileEncoding = 4; lastKnownFileType = sourcecode.swift; path = Events.swift; sourceTree = "<group>"; };
		0FD7F7CE1B1E5ADD00808B05 /* Lists.swift */ = {isa = PBXFileReference; fileEncoding = 4; lastKnownFileType = sourcecode.swift; path = Lists.swift; sourceTree = "<group>"; };
		0FD7F7CF1B1E5ADD00808B05 /* Multi.swift */ = {isa = PBXFileReference; fileEncoding = 4; lastKnownFileType = sourcecode.swift; path = Multi.swift; sourceTree = "<group>"; };
		0FD7F7D01B1E5ADD00808B05 /* Pages.swift */ = {isa = PBXFileReference; fileEncoding = 4; lastKnownFileType = sourcecode.swift; path = Pages.swift; sourceTree = "<group>"; };
		0FD7F7D11B1E5ADD00808B05 /* PageUpdates.swift */ = {isa = PBXFileReference; fileEncoding = 4; lastKnownFileType = sourcecode.swift; path = PageUpdates.swift; sourceTree = "<group>"; };
		0FD7F7D21B1E5ADD00808B05 /* Photos.swift */ = {isa = PBXFileReference; fileEncoding = 4; lastKnownFileType = sourcecode.swift; path = Photos.swift; sourceTree = "<group>"; };
		0FD7F7D31B1E5ADD00808B05 /* Settings.swift */ = {isa = PBXFileReference; fileEncoding = 4; lastKnownFileType = sourcecode.swift; path = Settings.swift; sourceTree = "<group>"; };
		0FD7F7D41B1E5ADD00808B05 /* Specials.swift */ = {isa = PBXFileReference; fileEncoding = 4; lastKnownFileType = sourcecode.swift; path = Specials.swift; sourceTree = "<group>"; };
		0FD7F7D51B1E5ADD00808B05 /* Tips.swift */ = {isa = PBXFileReference; fileEncoding = 4; lastKnownFileType = sourcecode.swift; path = Tips.swift; sourceTree = "<group>"; };
		0FD7F7D61B1E5ADD00808B05 /* Updates.swift */ = {isa = PBXFileReference; fileEncoding = 4; lastKnownFileType = sourcecode.swift; path = Updates.swift; sourceTree = "<group>"; };
		0FD7F7D71B1E5ADD00808B05 /* Users.swift */ = {isa = PBXFileReference; fileEncoding = 4; lastKnownFileType = sourcecode.swift; path = Users.swift; sourceTree = "<group>"; };
		0FD7F7D81B1E5ADD00808B05 /* VenueGroups.swift */ = {isa = PBXFileReference; fileEncoding = 4; lastKnownFileType = sourcecode.swift; path = VenueGroups.swift; sourceTree = "<group>"; };
		0FD7F7D91B1E5ADD00808B05 /* Venues.swift */ = {isa = PBXFileReference; fileEncoding = 4; lastKnownFileType = sourcecode.swift; path = Venues.swift; sourceTree = "<group>"; };
		0FD7F7DA1B1E5ADD00808B05 /* Keychain.swift */ = {isa = PBXFileReference; fileEncoding = 4; lastKnownFileType = sourcecode.swift; path = Keychain.swift; sourceTree = "<group>"; };
		0FD7F7DB1B1E5ADD00808B05 /* Logger.swift */ = {isa = PBXFileReference; fileEncoding = 4; lastKnownFileType = sourcecode.swift; path = Logger.swift; sourceTree = "<group>"; };
		0FD7F7DC1B1E5ADD00808B05 /* NetworkActivityIndicatorController.swift */ = {isa = PBXFileReference; fileEncoding = 4; lastKnownFileType = sourcecode.swift; path = NetworkActivityIndicatorController.swift; sourceTree = "<group>"; };
		0FD7F7DD1B1E5ADD00808B05 /* OauthErrors.swift */ = {isa = PBXFileReference; fileEncoding = 4; lastKnownFileType = sourcecode.swift; path = OauthErrors.swift; sourceTree = "<group>"; };
		0FD7F7DE1B1E5ADD00808B05 /* Parameters.swift */ = {isa = PBXFileReference; fileEncoding = 4; lastKnownFileType = sourcecode.swift; path = Parameters.swift; sourceTree = "<group>"; };
		0FD7F7DF1B1E5ADD00808B05 /* Request.swift */ = {isa = PBXFileReference; fileEncoding = 4; lastKnownFileType = sourcecode.swift; path = Request.swift; sourceTree = "<group>"; };
		0FD7F7E01B1E5ADD00808B05 /* Result.swift */ = {isa = PBXFileReference; fileEncoding = 4; lastKnownFileType = sourcecode.swift; path = Result.swift; sourceTree = "<group>"; };
		0FD7F7E11B1E5ADD00808B05 /* Session.swift */ = {isa = PBXFileReference; fileEncoding = 4; lastKnownFileType = sourcecode.swift; path = Session.swift; sourceTree = "<group>"; };
		0FD7F7E21B1E5ADD00808B05 /* Task.swift */ = {isa = PBXFileReference; fileEncoding = 4; lastKnownFileType = sourcecode.swift; path = Task.swift; sourceTree = "<group>"; };
		0FD7F8031B1E5D0100808B05 /* CoreLocation.framework */ = {isa = PBXFileReference; lastKnownFileType = wrapper.framework; name = CoreLocation.framework; path = System/Library/Frameworks/CoreLocation.framework; sourceTree = SDKROOT; };
		0FD7F8051B1E5F0900808B05 /* MapKit.framework */ = {isa = PBXFileReference; lastKnownFileType = wrapper.framework; name = MapKit.framework; path = System/Library/Frameworks/MapKit.framework; sourceTree = SDKROOT; };
		0FF6D64F1B16207C0096E0B2 /* VyseViewController.swift */ = {isa = PBXFileReference; fileEncoding = 4; lastKnownFileType = sourcecode.swift; path = VyseViewController.swift; sourceTree = "<group>"; };
		0FF6D6511B16215C0096E0B2 /* LoginViewController.swift */ = {isa = PBXFileReference; fileEncoding = 4; lastKnownFileType = sourcecode.swift; path = LoginViewController.swift; sourceTree = "<group>"; };
		0FF6D6531B1662760096E0B2 /* MainBackground.png */ = {isa = PBXFileReference; lastKnownFileType = image.png; path = MainBackground.png; sourceTree = "<group>"; };
		0FF6D6551B1663B80096E0B2 /* location_filled-100.png */ = {isa = PBXFileReference; lastKnownFileType = image.png; path = "location_filled-100.png"; sourceTree = "<group>"; };
		0FF6D6571B166A580096E0B2 /* VyseButton.png */ = {isa = PBXFileReference; lastKnownFileType = image.png; path = VyseButton.png; sourceTree = "<group>"; };
		0FF6D6591B167D330096E0B2 /* VyseSubBackground.png */ = {isa = PBXFileReference; lastKnownFileType = image.png; path = VyseSubBackground.png; sourceTree = "<group>"; };
		0FF6D65B1B16CF750096E0B2 /* Instagram-Food.jpg */ = {isa = PBXFileReference; lastKnownFileType = image.jpeg; path = "Instagram-Food.jpg"; sourceTree = "<group>"; };
		0FF6D65E1B16D2670096E0B2 /* thumb_up-50.png */ = {isa = PBXFileReference; lastKnownFileType = image.png; path = "thumb_up-50.png"; sourceTree = "<group>"; };
		0FF6D65F1B16D2670096E0B2 /* thumb_up_filled-50.png */ = {isa = PBXFileReference; lastKnownFileType = image.png; path = "thumb_up_filled-50.png"; sourceTree = "<group>"; };
		0FF6D6601B16D2670096E0B2 /* save_as-50.png */ = {isa = PBXFileReference; lastKnownFileType = image.png; path = "save_as-50.png"; sourceTree = "<group>"; };
		0FF6D6611B16D2670096E0B2 /* like_filled-50.png */ = {isa = PBXFileReference; lastKnownFileType = image.png; path = "like_filled-50.png"; sourceTree = "<group>"; };
		0FF6D6621B16D2670096E0B2 /* save_as_filled-50.png */ = {isa = PBXFileReference; lastKnownFileType = image.png; path = "save_as_filled-50.png"; sourceTree = "<group>"; };
		0FF6D6631B16D2670096E0B2 /* like-50.png */ = {isa = PBXFileReference; lastKnownFileType = image.png; path = "like-50.png"; sourceTree = "<group>"; };
		0FF6D9901B1802CD00080C4D /* FoodCell.swift */ = {isa = PBXFileReference; fileEncoding = 4; lastKnownFileType = sourcecode.swift; path = FoodCell.swift; sourceTree = "<group>"; };
		0FF6D9921B18098800080C4D /* gourmet-food-photography-collage.jpg */ = {isa = PBXFileReference; lastKnownFileType = image.jpeg; path = "gourmet-food-photography-collage.jpg"; sourceTree = "<group>"; };
		0FF941191B220A500049EBCE /* FoursquareProcesses.swift */ = {isa = PBXFileReference; fileEncoding = 4; lastKnownFileType = sourcecode.swift; path = FoursquareProcesses.swift; sourceTree = "<group>"; };
		0FFB0E581B15055400DAC93A /* ListViewController.swift */ = {isa = PBXFileReference; fileEncoding = 4; lastKnownFileType = sourcecode.swift; path = ListViewController.swift; sourceTree = "<group>"; };
		71467DA081B9D475073FBD3A /* libPods.a */ = {isa = PBXFileReference; explicitFileType = archive.ar; includeInIndex = 0; path = libPods.a; sourceTree = BUILT_PRODUCTS_DIR; };
		A3FD3949FD18AAA02A945422 /* Pods.release.xcconfig */ = {isa = PBXFileReference; includeInIndex = 1; lastKnownFileType = text.xcconfig; name = Pods.release.xcconfig; path = "Pods/Target Support Files/Pods/Pods.release.xcconfig"; sourceTree = "<group>"; };
		AB246143725B86B3EE76A431 /* Pods.debug.xcconfig */ = {isa = PBXFileReference; includeInIndex = 1; lastKnownFileType = text.xcconfig; name = Pods.debug.xcconfig; path = "Pods/Target Support Files/Pods/Pods.debug.xcconfig"; sourceTree = "<group>"; };
/* End PBXFileReference section */

/* Begin PBXFrameworksBuildPhase section */
		0F04A3AF1B0D05FA00FDD33F /* Frameworks */ = {
			isa = PBXFrameworksBuildPhase;
			buildActionMask = 2147483647;
			files = (
				0FD7F8061B1E5F0900808B05 /* MapKit.framework in Frameworks */,
				0FD7F8041B1E5D0100808B05 /* CoreLocation.framework in Frameworks */,
				23BAE2804A8EAC560D80E216 /* libPods.a in Frameworks */,
			);
			runOnlyForDeploymentPostprocessing = 0;
		};
		0F04A3C41B0D05FA00FDD33F /* Frameworks */ = {
			isa = PBXFrameworksBuildPhase;
			buildActionMask = 2147483647;
			files = (
			);
			runOnlyForDeploymentPostprocessing = 0;
		};
/* End PBXFrameworksBuildPhase section */

/* Begin PBXGroup section */
		0F04A3A91B0D05FA00FDD33F = {
			isa = PBXGroup;
			children = (
				0F04A3B41B0D05FA00FDD33F /* vyse */,
				0F04A3CA1B0D05FA00FDD33F /* vyseTests */,
				0F04A3B31B0D05FA00FDD33F /* Products */,
				D6AAF7E0E1D28E225F3291D6 /* Pods */,
				A1F2461F17F993EA60084819 /* Frameworks */,
			);
			sourceTree = "<group>";
		};
		0F04A3B31B0D05FA00FDD33F /* Products */ = {
			isa = PBXGroup;
			children = (
				0F04A3B21B0D05FA00FDD33F /* vyse.app */,
				0F04A3C71B0D05FA00FDD33F /* vyseTests.xctest */,
			);
			name = Products;
			sourceTree = "<group>";
		};
		0F04A3B41B0D05FA00FDD33F /* vyse */ = {
			isa = PBXGroup;
			children = (
				0FD7F7C01B1E5ADD00808B05 /* iOS */,
				0FD7F7C61B1E5ADD00808B05 /* Shared */,
				0F04A3E11B0D334C00FDD33F /* image */,
				0FF9411B1B220A830049EBCE /* ViewControllers */,
				0FF9411C1B220AD60049EBCE /* Support */,
				0F04A3B71B0D05FA00FDD33F /* AppDelegate.swift */,
				0F04A3BB1B0D05FA00FDD33F /* Main.storyboard */,
				0F04A3C01B0D05FA00FDD33F /* LaunchScreen.xib */,
				0F04A3BE1B0D05FA00FDD33F /* Images.xcassets */,
				0F04A3B51B0D05FA00FDD33F /* Supporting Files */,
			);
			path = vyse;
			sourceTree = "<group>";
		};
		0F04A3B51B0D05FA00FDD33F /* Supporting Files */ = {
			isa = PBXGroup;
			children = (
				0F04A3B61B0D05FA00FDD33F /* Info.plist */,
			);
			name = "Supporting Files";
			sourceTree = "<group>";
		};
		0F04A3CA1B0D05FA00FDD33F /* vyseTests */ = {
			isa = PBXGroup;
			children = (
				0F04A3CD1B0D05FA00FDD33F /* vyseTests.swift */,
				0F04A3CB1B0D05FA00FDD33F /* Supporting Files */,
			);
			path = vyseTests;
			sourceTree = "<group>";
		};
		0F04A3CB1B0D05FA00FDD33F /* Supporting Files */ = {
			isa = PBXGroup;
			children = (
				0F04A3CC1B0D05FA00FDD33F /* Info.plist */,
			);
			name = "Supporting Files";
			sourceTree = "<group>";
		};
		0F04A3E11B0D334C00FDD33F /* image */ = {
			isa = PBXGroup;
			children = (
				0FF6D65D1B16D2480096E0B2 /* buttons */,
				0FF6D65B1B16CF750096E0B2 /* Instagram-Food.jpg */,
				0FF6D9921B18098800080C4D /* gourmet-food-photography-collage.jpg */,
				0FF6D6551B1663B80096E0B2 /* location_filled-100.png */,
				0FF6D6571B166A580096E0B2 /* VyseButton.png */,
				0FF6D6531B1662760096E0B2 /* MainBackground.png */,
				0FF6D6591B167D330096E0B2 /* VyseSubBackground.png */,
				0F63EFD31B156ADD009605A6 /* Male50.png */,
				0F04A3E21B0D47D900FDD33F /* Vyse.png */,
				0F04A3DF1B0D334800FDD33F /* Lamb.jpg */,
			);
			name = image;
			sourceTree = "<group>";
		};
		0FD7F7C01B1E5ADD00808B05 /* iOS */ = {
			isa = PBXGroup;
			children = (
				0FD7F7C11B1E5ADD00808B05 /* Authorization.swift */,
				0FD7F7C21B1E5ADD00808B05 /* AuthorizationViewController.swift */,
				0FD7F7C31B1E5ADD00808B05 /* AuthorizationViewController.xib */,
				0FD7F7C41B1E5ADD00808B05 /* NativeTouchAuthorizer.swift */,
				0FD7F7C51B1E5ADD00808B05 /* TouchAuthorizer.swift */,
			);
			path = iOS;
			sourceTree = "<group>";
		};
		0FD7F7C61B1E5ADD00808B05 /* Shared */ = {
			isa = PBXGroup;
			children = (
				0FD7F7C71B1E5ADD00808B05 /* Authorizer.swift */,
				0FD7F7C81B1E5ADD00808B05 /* Configuration.swift */,
				0FD7F7C91B1E5ADD00808B05 /* DataCache.swift */,
				0FD7F7CA1B1E5ADD00808B05 /* Endpoints */,
				0FD7F7DA1B1E5ADD00808B05 /* Keychain.swift */,
				0FD7F7DB1B1E5ADD00808B05 /* Logger.swift */,
				0FD7F7DC1B1E5ADD00808B05 /* NetworkActivityIndicatorController.swift */,
				0FD7F7DD1B1E5ADD00808B05 /* OauthErrors.swift */,
				0FD7F7DE1B1E5ADD00808B05 /* Parameters.swift */,
				0FD7F7DF1B1E5ADD00808B05 /* Request.swift */,
				0FD7F7E01B1E5ADD00808B05 /* Result.swift */,
				0FD7F7E11B1E5ADD00808B05 /* Session.swift */,
				0FD7F7E21B1E5ADD00808B05 /* Task.swift */,
			);
			path = Shared;
			sourceTree = "<group>";
		};
		0FD7F7CA1B1E5ADD00808B05 /* Endpoints */ = {
			isa = PBXGroup;
			children = (
				0FD7F7CB1B1E5ADD00808B05 /* Checkins.swift */,
				0FD7F7CC1B1E5ADD00808B05 /* Endpoint.swift */,
				0FD7F7CD1B1E5ADD00808B05 /* Events.swift */,
				0FD7F7CE1B1E5ADD00808B05 /* Lists.swift */,
				0FD7F7CF1B1E5ADD00808B05 /* Multi.swift */,
				0FD7F7D01B1E5ADD00808B05 /* Pages.swift */,
				0FD7F7D11B1E5ADD00808B05 /* PageUpdates.swift */,
				0FD7F7D21B1E5ADD00808B05 /* Photos.swift */,
				0FD7F7D31B1E5ADD00808B05 /* Settings.swift */,
				0FD7F7D41B1E5ADD00808B05 /* Specials.swift */,
				0FD7F7D51B1E5ADD00808B05 /* Tips.swift */,
				0FD7F7D61B1E5ADD00808B05 /* Updates.swift */,
				0FD7F7D71B1E5ADD00808B05 /* Users.swift */,
				0FD7F7D81B1E5ADD00808B05 /* VenueGroups.swift */,
				0FD7F7D91B1E5ADD00808B05 /* Venues.swift */,
			);
			path = Endpoints;
			sourceTree = "<group>";
		};
		0FF6D65D1B16D2480096E0B2 /* buttons */ = {
			isa = PBXGroup;
			children = (
				0FC7681D1B17B78200A3AD7E /* like_filled-25.png */,
				0FC7681E1B17B78200A3AD7E /* save_as_filled-25.png */,
				0FC7681B1B17B62E00A3AD7E /* VyseSquareButton.png */,
				0FF6D65E1B16D2670096E0B2 /* thumb_up-50.png */,
				0FF6D65F1B16D2670096E0B2 /* thumb_up_filled-50.png */,
				0FF6D6601B16D2670096E0B2 /* save_as-50.png */,
				0FF6D6611B16D2670096E0B2 /* like_filled-50.png */,
				0FF6D6621B16D2670096E0B2 /* save_as_filled-50.png */,
				0FF6D6631B16D2670096E0B2 /* like-50.png */,
			);
			name = buttons;
			sourceTree = "<group>";
		};
		0FF9411B1B220A830049EBCE /* ViewControllers */ = {
			isa = PBXGroup;
			children = (
				0F04A3D91B0D07BF00FDD33F /* NavigationController.swift */,
				0F04A3B91B0D05FA00FDD33F /* ViewController.swift */,
				0FF6D6511B16215C0096E0B2 /* LoginViewController.swift */,
				0FF6D64F1B16207C0096E0B2 /* VyseViewController.swift */,
				0FFB0E581B15055400DAC93A /* ListViewController.swift */,
			);
			name = ViewControllers;
			sourceTree = "<group>";
		};
		0FF9411C1B220AD60049EBCE /* Support */ = {
			isa = PBXGroup;
			children = (
				0FF941191B220A500049EBCE /* FoursquareProcesses.swift */,
				0FF6D9901B1802CD00080C4D /* FoodCell.swift */,
			);
			name = Support;
			sourceTree = "<group>";
		};
		A1F2461F17F993EA60084819 /* Frameworks */ = {
			isa = PBXGroup;
			children = (
				0FD7F8051B1E5F0900808B05 /* MapKit.framework */,
				0FD7F8031B1E5D0100808B05 /* CoreLocation.framework */,
				71467DA081B9D475073FBD3A /* libPods.a */,
			);
			name = Frameworks;
			sourceTree = "<group>";
		};
		D6AAF7E0E1D28E225F3291D6 /* Pods */ = {
			isa = PBXGroup;
			children = (
				AB246143725B86B3EE76A431 /* Pods.debug.xcconfig */,
				A3FD3949FD18AAA02A945422 /* Pods.release.xcconfig */,
			);
			name = Pods;
			sourceTree = "<group>";
		};
/* End PBXGroup section */

/* Begin PBXNativeTarget section */
		0F04A3B11B0D05FA00FDD33F /* vyse */ = {
			isa = PBXNativeTarget;
			buildConfigurationList = 0F04A3D11B0D05FA00FDD33F /* Build configuration list for PBXNativeTarget "vyse" */;
			buildPhases = (
				E8B1580A0A4C480F2B5DC21D /* Check Pods Manifest.lock */,
				0F04A3AE1B0D05FA00FDD33F /* Sources */,
				0F04A3AF1B0D05FA00FDD33F /* Frameworks */,
				0F04A3B01B0D05FA00FDD33F /* Resources */,
				1791DBE4414B0297990C665C /* Copy Pods Resources */,
				0F0EDE821B1FA5B700CD2556 /* Embed Framework */,
			);
			buildRules = (
			);
			dependencies = (
			);
			name = vyse;
			productName = vyse;
			productReference = 0F04A3B21B0D05FA00FDD33F /* vyse.app */;
			productType = "com.apple.product-type.application";
		};
		0F04A3C61B0D05FA00FDD33F /* vyseTests */ = {
			isa = PBXNativeTarget;
			buildConfigurationList = 0F04A3D41B0D05FA00FDD33F /* Build configuration list for PBXNativeTarget "vyseTests" */;
			buildPhases = (
				0F04A3C31B0D05FA00FDD33F /* Sources */,
				0F04A3C41B0D05FA00FDD33F /* Frameworks */,
				0F04A3C51B0D05FA00FDD33F /* Resources */,
			);
			buildRules = (
			);
			dependencies = (
				0F04A3C91B0D05FA00FDD33F /* PBXTargetDependency */,
			);
			name = vyseTests;
			productName = vyseTests;
			productReference = 0F04A3C71B0D05FA00FDD33F /* vyseTests.xctest */;
			productType = "com.apple.product-type.bundle.unit-test";
		};
/* End PBXNativeTarget section */

/* Begin PBXProject section */
		0F04A3AA1B0D05FA00FDD33F /* Project object */ = {
			isa = PBXProject;
			attributes = {
				LastUpgradeCheck = 0630;
				ORGANIZATIONNAME = Stratazima;
				TargetAttributes = {
					0F04A3B11B0D05FA00FDD33F = {
						CreatedOnToolsVersion = 6.3.2;
						DevelopmentTeam = 9Y7XAUJ9RA;
					};
					0F04A3C61B0D05FA00FDD33F = {
						CreatedOnToolsVersion = 6.3.2;
						TestTargetID = 0F04A3B11B0D05FA00FDD33F;
					};
				};
			};
			buildConfigurationList = 0F04A3AD1B0D05FA00FDD33F /* Build configuration list for PBXProject "vyse" */;
			compatibilityVersion = "Xcode 3.2";
			developmentRegion = English;
			hasScannedForEncodings = 0;
			knownRegions = (
				en,
				Base,
			);
			mainGroup = 0F04A3A91B0D05FA00FDD33F;
			productRefGroup = 0F04A3B31B0D05FA00FDD33F /* Products */;
			projectDirPath = "";
			projectRoot = "";
			targets = (
				0F04A3B11B0D05FA00FDD33F /* vyse */,
				0F04A3C61B0D05FA00FDD33F /* vyseTests */,
			);
		};
/* End PBXProject section */

/* Begin PBXResourcesBuildPhase section */
		0F04A3B01B0D05FA00FDD33F /* Resources */ = {
			isa = PBXResourcesBuildPhase;
			buildActionMask = 2147483647;
			files = (
				0FF6D6561B1663B80096E0B2 /* location_filled-100.png in Resources */,
				0FF6D65C1B16CF750096E0B2 /* Instagram-Food.jpg in Resources */,
				0F04A3BD1B0D05FA00FDD33F /* Main.storyboard in Resources */,
				0FC7681C1B17B62E00A3AD7E /* VyseSquareButton.png in Resources */,
				0F04A3C21B0D05FA00FDD33F /* LaunchScreen.xib in Resources */,
				0FF6D6691B16D2670096E0B2 /* like-50.png in Resources */,
				0FF6D9931B18098800080C4D /* gourmet-food-photography-collage.jpg in Resources */,
				0FF6D6671B16D2670096E0B2 /* like_filled-50.png in Resources */,
				0FF6D6641B16D2670096E0B2 /* thumb_up-50.png in Resources */,
				0FC7681F1B17B78200A3AD7E /* like_filled-25.png in Resources */,
				0F04A3E31B0D47D900FDD33F /* Vyse.png in Resources */,
				0F63EFD41B156ADD009605A6 /* Male50.png in Resources */,
				0FF6D6661B16D2670096E0B2 /* save_as-50.png in Resources */,
				0FF6D6541B1662760096E0B2 /* MainBackground.png in Resources */,
				0F04A3BF1B0D05FA00FDD33F /* Images.xcassets in Resources */,
				0FF6D6681B16D2670096E0B2 /* save_as_filled-50.png in Resources */,
				0FF6D6581B166A580096E0B2 /* VyseButton.png in Resources */,
				0F04A3E01B0D334800FDD33F /* Lamb.jpg in Resources */,
				0FD7F7E51B1E5ADD00808B05 /* AuthorizationViewController.xib in Resources */,
				0FC768201B17B78200A3AD7E /* save_as_filled-25.png in Resources */,
				0FF6D65A1B167D330096E0B2 /* VyseSubBackground.png in Resources */,
				0FF6D6651B16D2670096E0B2 /* thumb_up_filled-50.png in Resources */,
			);
			runOnlyForDeploymentPostprocessing = 0;
		};
		0F04A3C51B0D05FA00FDD33F /* Resources */ = {
			isa = PBXResourcesBuildPhase;
			buildActionMask = 2147483647;
			files = (
			);
			runOnlyForDeploymentPostprocessing = 0;
		};
/* End PBXResourcesBuildPhase section */

/* Begin PBXShellScriptBuildPhase section */
		1791DBE4414B0297990C665C /* Copy Pods Resources */ = {
			isa = PBXShellScriptBuildPhase;
			buildActionMask = 2147483647;
			files = (
			);
			inputPaths = (
			);
			name = "Copy Pods Resources";
			outputPaths = (
			);
			runOnlyForDeploymentPostprocessing = 0;
			shellPath = /bin/sh;
			shellScript = "\"${SRCROOT}/Pods/Target Support Files/Pods/Pods-resources.sh\"\n";
			showEnvVarsInLog = 0;
		};
		E8B1580A0A4C480F2B5DC21D /* Check Pods Manifest.lock */ = {
			isa = PBXShellScriptBuildPhase;
			buildActionMask = 2147483647;
			files = (
			);
			inputPaths = (
			);
			name = "Check Pods Manifest.lock";
			outputPaths = (
			);
			runOnlyForDeploymentPostprocessing = 0;
			shellPath = /bin/sh;
			shellScript = "diff \"${PODS_ROOT}/../Podfile.lock\" \"${PODS_ROOT}/Manifest.lock\" > /dev/null\nif [[ $? != 0 ]] ; then\n    cat << EOM\nerror: The sandbox is not in sync with the Podfile.lock. Run 'pod install' or update your CocoaPods installation.\nEOM\n    exit 1\nfi\n";
			showEnvVarsInLog = 0;
		};
/* End PBXShellScriptBuildPhase section */

/* Begin PBXSourcesBuildPhase section */
		0F04A3AE1B0D05FA00FDD33F /* Sources */ = {
			isa = PBXSourcesBuildPhase;
			buildActionMask = 2147483647;
			files = (
				0FD7F7FB1B1E5ADD00808B05 /* Logger.swift in Sources */,
				0FD7F7EA1B1E5ADD00808B05 /* DataCache.swift in Sources */,
				0FD7F7E71B1E5ADD00808B05 /* TouchAuthorizer.swift in Sources */,
				0FD7F7F01B1E5ADD00808B05 /* Pages.swift in Sources */,
				0FD7F7EF1B1E5ADD00808B05 /* Multi.swift in Sources */,
				0FD7F7F91B1E5ADD00808B05 /* Venues.swift in Sources */,
				0FD7F7E41B1E5ADD00808B05 /* AuthorizationViewController.swift in Sources */,
				0FD7F7E61B1E5ADD00808B05 /* NativeTouchAuthorizer.swift in Sources */,
				0FD7F7FD1B1E5ADD00808B05 /* OauthErrors.swift in Sources */,
				0FF6D6521B16215C0096E0B2 /* LoginViewController.swift in Sources */,
				0FF9411A1B220A500049EBCE /* FoursquareProcesses.swift in Sources */,
				0FD7F7E81B1E5ADD00808B05 /* Authorizer.swift in Sources */,
				0FD7F7F31B1E5ADD00808B05 /* Settings.swift in Sources */,
				0FF6D6501B16207C0096E0B2 /* VyseViewController.swift in Sources */,
				0FF6D9911B1802CD00080C4D /* FoodCell.swift in Sources */,
				0FD7F7E91B1E5ADD00808B05 /* Configuration.swift in Sources */,
				0F04A3BA1B0D05FA00FDD33F /* ViewController.swift in Sources */,
				0FD7F7EC1B1E5ADD00808B05 /* Endpoint.swift in Sources */,
				0F04A3DA1B0D07BF00FDD33F /* NavigationController.swift in Sources */,
				0FD7F8001B1E5ADD00808B05 /* Result.swift in Sources */,
				0FFB0E591B15055400DAC93A /* ListViewController.swift in Sources */,
				0FD7F7F51B1E5ADD00808B05 /* Tips.swift in Sources */,
				0F04A3B81B0D05FA00FDD33F /* AppDelegate.swift in Sources */,
				0FD7F7F61B1E5ADD00808B05 /* Updates.swift in Sources */,
				0FD7F7F71B1E5ADD00808B05 /* Users.swift in Sources */,
				0FD7F7F21B1E5ADD00808B05 /* Photos.swift in Sources */,
				0FD7F7F11B1E5ADD00808B05 /* PageUpdates.swift in Sources */,
				0FD7F8021B1E5ADD00808B05 /* Task.swift in Sources */,
				0FD7F7FE1B1E5ADD00808B05 /* Parameters.swift in Sources */,
				0FD7F7ED1B1E5ADD00808B05 /* Events.swift in Sources */,
				0FD7F8011B1E5ADD00808B05 /* Session.swift in Sources */,
				0FD7F7E31B1E5ADD00808B05 /* Authorization.swift in Sources */,
				0FD7F7F41B1E5ADD00808B05 /* Specials.swift in Sources */,
				0FD7F7FC1B1E5ADD00808B05 /* NetworkActivityIndicatorController.swift in Sources */,
				0FD7F7EB1B1E5ADD00808B05 /* Checkins.swift in Sources */,
				0FD7F7EE1B1E5ADD00808B05 /* Lists.swift in Sources */,
				0FD7F7FF1B1E5ADD00808B05 /* Request.swift in Sources */,
				0FD7F7F81B1E5ADD00808B05 /* VenueGroups.swift in Sources */,
				0FD7F7FA1B1E5ADD00808B05 /* Keychain.swift in Sources */,
			);
			runOnlyForDeploymentPostprocessing = 0;
		};
		0F04A3C31B0D05FA00FDD33F /* Sources */ = {
			isa = PBXSourcesBuildPhase;
			buildActionMask = 2147483647;
			files = (
				0F04A3CE1B0D05FA00FDD33F /* vyseTests.swift in Sources */,
			);
			runOnlyForDeploymentPostprocessing = 0;
		};
/* End PBXSourcesBuildPhase section */

/* Begin PBXTargetDependency section */
		0F04A3C91B0D05FA00FDD33F /* PBXTargetDependency */ = {
			isa = PBXTargetDependency;
			target = 0F04A3B11B0D05FA00FDD33F /* vyse */;
			targetProxy = 0F04A3C81B0D05FA00FDD33F /* PBXContainerItemProxy */;
		};
/* End PBXTargetDependency section */

/* Begin PBXVariantGroup section */
		0F04A3BB1B0D05FA00FDD33F /* Main.storyboard */ = {
			isa = PBXVariantGroup;
			children = (
				0F04A3BC1B0D05FA00FDD33F /* Base */,
			);
			name = Main.storyboard;
			sourceTree = "<group>";
		};
		0F04A3C01B0D05FA00FDD33F /* LaunchScreen.xib */ = {
			isa = PBXVariantGroup;
			children = (
				0F04A3C11B0D05FA00FDD33F /* Base */,
			);
			name = LaunchScreen.xib;
			sourceTree = "<group>";
		};
/* End PBXVariantGroup section */

/* Begin XCBuildConfiguration section */
		0F04A3CF1B0D05FA00FDD33F /* Debug */ = {
			isa = XCBuildConfiguration;
			buildSettings = {
				ALWAYS_SEARCH_USER_PATHS = NO;
				CLANG_CXX_LANGUAGE_STANDARD = "gnu++0x";
				CLANG_CXX_LIBRARY = "libc++";
				CLANG_ENABLE_MODULES = YES;
				CLANG_ENABLE_OBJC_ARC = YES;
				CLANG_WARN_BOOL_CONVERSION = YES;
				CLANG_WARN_CONSTANT_CONVERSION = YES;
				CLANG_WARN_DIRECT_OBJC_ISA_USAGE = YES_ERROR;
				CLANG_WARN_EMPTY_BODY = YES;
				CLANG_WARN_ENUM_CONVERSION = YES;
				CLANG_WARN_INT_CONVERSION = YES;
				CLANG_WARN_OBJC_ROOT_CLASS = YES_ERROR;
				CLANG_WARN_UNREACHABLE_CODE = YES;
				CLANG_WARN__DUPLICATE_METHOD_MATCH = YES;
				"CODE_SIGN_IDENTITY[sdk=iphoneos*]" = "iPhone Developer";
				COPY_PHASE_STRIP = NO;
				DEBUG_INFORMATION_FORMAT = "dwarf-with-dsym";
				ENABLE_STRICT_OBJC_MSGSEND = YES;
				GCC_C_LANGUAGE_STANDARD = gnu99;
				GCC_DYNAMIC_NO_PIC = NO;
				GCC_NO_COMMON_BLOCKS = YES;
				GCC_OPTIMIZATION_LEVEL = 0;
				GCC_PREPROCESSOR_DEFINITIONS = (
					"DEBUG=1",
					"$(inherited)",
				);
				GCC_SYMBOLS_PRIVATE_EXTERN = NO;
				GCC_WARN_64_TO_32_BIT_CONVERSION = YES;
				GCC_WARN_ABOUT_RETURN_TYPE = YES_ERROR;
				GCC_WARN_UNDECLARED_SELECTOR = YES;
				GCC_WARN_UNINITIALIZED_AUTOS = YES_AGGRESSIVE;
				GCC_WARN_UNUSED_FUNCTION = YES;
				GCC_WARN_UNUSED_VARIABLE = YES;
				IPHONEOS_DEPLOYMENT_TARGET = 8.3;
				MTL_ENABLE_DEBUG_INFO = YES;
				ONLY_ACTIVE_ARCH = YES;
				SDKROOT = iphoneos;
				SWIFT_OPTIMIZATION_LEVEL = "-Onone";
			};
			name = Debug;
		};
		0F04A3D01B0D05FA00FDD33F /* Release */ = {
			isa = XCBuildConfiguration;
			buildSettings = {
				ALWAYS_SEARCH_USER_PATHS = NO;
				CLANG_CXX_LANGUAGE_STANDARD = "gnu++0x";
				CLANG_CXX_LIBRARY = "libc++";
				CLANG_ENABLE_MODULES = YES;
				CLANG_ENABLE_OBJC_ARC = YES;
				CLANG_WARN_BOOL_CONVERSION = YES;
				CLANG_WARN_CONSTANT_CONVERSION = YES;
				CLANG_WARN_DIRECT_OBJC_ISA_USAGE = YES_ERROR;
				CLANG_WARN_EMPTY_BODY = YES;
				CLANG_WARN_ENUM_CONVERSION = YES;
				CLANG_WARN_INT_CONVERSION = YES;
				CLANG_WARN_OBJC_ROOT_CLASS = YES_ERROR;
				CLANG_WARN_UNREACHABLE_CODE = YES;
				CLANG_WARN__DUPLICATE_METHOD_MATCH = YES;
				"CODE_SIGN_IDENTITY[sdk=iphoneos*]" = "iPhone Developer";
				COPY_PHASE_STRIP = NO;
				DEBUG_INFORMATION_FORMAT = "dwarf-with-dsym";
				ENABLE_NS_ASSERTIONS = NO;
				ENABLE_STRICT_OBJC_MSGSEND = YES;
				GCC_C_LANGUAGE_STANDARD = gnu99;
				GCC_NO_COMMON_BLOCKS = YES;
				GCC_WARN_64_TO_32_BIT_CONVERSION = YES;
				GCC_WARN_ABOUT_RETURN_TYPE = YES_ERROR;
				GCC_WARN_UNDECLARED_SELECTOR = YES;
				GCC_WARN_UNINITIALIZED_AUTOS = YES_AGGRESSIVE;
				GCC_WARN_UNUSED_FUNCTION = YES;
				GCC_WARN_UNUSED_VARIABLE = YES;
				IPHONEOS_DEPLOYMENT_TARGET = 8.3;
				MTL_ENABLE_DEBUG_INFO = NO;
				SDKROOT = iphoneos;
				VALIDATE_PRODUCT = YES;
			};
			name = Release;
		};
		0F04A3D21B0D05FA00FDD33F /* Debug */ = {
			isa = XCBuildConfiguration;
			baseConfigurationReference = AB246143725B86B3EE76A431 /* Pods.debug.xcconfig */;
			buildSettings = {
				ASSETCATALOG_COMPILER_APPICON_NAME = AppIcon;
				CODE_SIGN_IDENTITY = "iPhone Developer";
				INFOPLIST_FILE = vyse/Info.plist;
				LD_RUNPATH_SEARCH_PATHS = "$(inherited) @executable_path/Frameworks";
				PRODUCT_NAME = "$(TARGET_NAME)";
			};
			name = Debug;
		};
		0F04A3D31B0D05FA00FDD33F /* Release */ = {
			isa = XCBuildConfiguration;
			baseConfigurationReference = A3FD3949FD18AAA02A945422 /* Pods.release.xcconfig */;
			buildSettings = {
				ASSETCATALOG_COMPILER_APPICON_NAME = AppIcon;
				CODE_SIGN_IDENTITY = "iPhone Developer";
				INFOPLIST_FILE = vyse/Info.plist;
				LD_RUNPATH_SEARCH_PATHS = "$(inherited) @executable_path/Frameworks";
				PRODUCT_NAME = "$(TARGET_NAME)";
			};
			name = Release;
		};
		0F04A3D51B0D05FA00FDD33F /* Debug */ = {
			isa = XCBuildConfiguration;
			buildSettings = {
				BUNDLE_LOADER = "$(TEST_HOST)";
				FRAMEWORK_SEARCH_PATHS = (
					"$(SDKROOT)/Developer/Library/Frameworks",
					"$(inherited)",
				);
				GCC_PREPROCESSOR_DEFINITIONS = (
					"DEBUG=1",
					"$(inherited)",
				);
				INFOPLIST_FILE = vyseTests/Info.plist;
				LD_RUNPATH_SEARCH_PATHS = "$(inherited) @executable_path/Frameworks @loader_path/Frameworks";
				PRODUCT_NAME = "$(TARGET_NAME)";
				TEST_HOST = "$(BUILT_PRODUCTS_DIR)/vyse.app/vyse";
			};
			name = Debug;
		};
		0F04A3D61B0D05FA00FDD33F /* Release */ = {
			isa = XCBuildConfiguration;
			buildSettings = {
				BUNDLE_LOADER = "$(TEST_HOST)";
				FRAMEWORK_SEARCH_PATHS = (
					"$(SDKROOT)/Developer/Library/Frameworks",
					"$(inherited)",
				);
				INFOPLIST_FILE = vyseTests/Info.plist;
				LD_RUNPATH_SEARCH_PATHS = "$(inherited) @executable_path/Frameworks @loader_path/Frameworks";
				PRODUCT_NAME = "$(TARGET_NAME)";
				TEST_HOST = "$(BUILT_PRODUCTS_DIR)/vyse.app/vyse";
			};
			name = Release;
		};
/* End XCBuildConfiguration section */

/* Begin XCConfigurationList section */
		0F04A3AD1B0D05FA00FDD33F /* Build configuration list for PBXProject "vyse" */ = {
			isa = XCConfigurationList;
			buildConfigurations = (
				0F04A3CF1B0D05FA00FDD33F /* Debug */,
				0F04A3D01B0D05FA00FDD33F /* Release */,
			);
			defaultConfigurationIsVisible = 0;
			defaultConfigurationName = Release;
		};
		0F04A3D11B0D05FA00FDD33F /* Build configuration list for PBXNativeTarget "vyse" */ = {
			isa = XCConfigurationList;
			buildConfigurations = (
				0F04A3D21B0D05FA00FDD33F /* Debug */,
				0F04A3D31B0D05FA00FDD33F /* Release */,
			);
			defaultConfigurationIsVisible = 0;
			defaultConfigurationName = Release;
		};
		0F04A3D41B0D05FA00FDD33F /* Build configuration list for PBXNativeTarget "vyseTests" */ = {
			isa = XCConfigurationList;
			buildConfigurations = (
				0F04A3D51B0D05FA00FDD33F /* Debug */,
				0F04A3D61B0D05FA00FDD33F /* Release */,
			);
			defaultConfigurationIsVisible = 0;
			defaultConfigurationName = Release;
		};
/* End XCConfigurationList section */
	};
	rootObject = 0F04A3AA1B0D05FA00FDD33F /* Project object */;
}
